PODS:
  - Alamofire (4.8.2)
  - CollectionKit (2.4.0):
    - CollectionKit/Core (= 2.4.0)
  - CollectionKit/Core (2.4.0)
  - EachNavigationBar (1.12.0)
  - ESTabBarController-swift (2.7)
  - expanding-collection (3.1.0)
  - HandyJSON (5.0.0-beta.1)
  - Hero (1.4.0)
  - LTScrollView (0.2.1)
  - MJRefresh (3.2.0)
  - NewPopMenu (2.1.2)
  - NVActivityIndicatorView (4.7.0):
    - NVActivityIndicatorView/Presenter (= 4.7.0)
  - NVActivityIndicatorView/Presenter (4.7.0)
  - ObjectMapper (3.5.1)
  - pop (1.0.12)
  - ProgressHUD (2.51)
  - QuickLayout (3.0.0)
  - RxCocoa (4.5.0):
    - RxSwift (>= 4.4.2, ~> 4.4)
  - RxSwift (4.5.0)
  - SnapKit (4.2.0)
  - SQLite.swift (0.12.2):
    - SQLite.swift/standard (= 0.12.2)
  - SQLite.swift/standard (0.12.2)
  - SwiftEntryKit (1.0.2):
    - QuickLayout (= 3.0.0)
  - SwiftMessages (7.0.0):
    - SwiftMessages/App (= 7.0.0)
  - SwiftMessages/App (7.0.0)
  - SwiftyJSON (5.0.0)
  - SwiftyUserDefaults (4.0.0)

DEPENDENCIES:
  - Alamofire
  - CollectionKit
  - EachNavigationBar
  - ESTabBarController-swift
  - expanding-collection
  - HandyJSON (from `https://github.com/alibaba/HandyJSON.git`, branch `dev_for_swift5.0`)
  - Hero
  - LTScrollView
  - MJRefresh
  - NewPopMenu (~> 2.0)
  - NVActivityIndicatorView
  - ObjectMapper (~> 3.4)
  - pop
  - ProgressHUD
  - RxCocoa (~> 4.0)
  - RxSwift (~> 4.0)
  - SnapKit
  - SQLite.swift
  - SwiftEntryKit
  - SwiftMessages
  - SwiftyJSON
  - SwiftyUserDefaults (~> 4.0)

SPEC REPOS:
  https://github.com/cocoapods/specs.git:
    - Alamofire
    - CollectionKit
    - EachNavigationBar
    - ESTabBarController-swift
    - expanding-collection
    - Hero
    - LTScrollView
    - MJRefresh
    - NewPopMenu
    - NVActivityIndicatorView
    - ObjectMapper
    - pop
    - ProgressHUD
    - QuickLayout
    - RxCocoa
    - RxSwift
    - SnapKit
    - SQLite.swift
    - SwiftEntryKit
    - SwiftMessages
    - SwiftyJSON
    - SwiftyUserDefaults

EXTERNAL SOURCES:
  HandyJSON:
    :branch: dev_for_swift5.0
    :git: https://github.com/alibaba/HandyJSON.git

CHECKOUT OPTIONS:
  HandyJSON:
    :commit: a2ba4e537711ae1fcd9183679c4db878eb171a78
    :git: https://github.com/alibaba/HandyJSON.git

SPEC CHECKSUMS:
  Alamofire: ae5c501addb7afdbb13687d7f2f722c78734c2d3
  CollectionKit: 8f01e7629185bb81072c4aa734d105df5c2d1c8b
  EachNavigationBar: 6685463667ee539eb336d39194add8aba045c64c
  ESTabBarController-swift: 4fb52ad03d94d0717ef97bc9eb09a5abfdded0a2
  expanding-collection: 7eb1fc48c6ec5e00c8887fe46c595c31b81b578a
  HandyJSON: 582477127ab3ab65bd2e471815f1a7b846856978
  Hero: bac92350d7201a1a940003e0767c7b52ce7c99a1
  LTScrollView: 93fff4aed9f9545f541a99b320b27808f5307c12
  MJRefresh: ed450d6eb9d3346a2cb033ab7eb6de090aeef437
  NewPopMenu: c6129e08e8192f6257ceb5f9a4357e1b59c6e2e7
  NVActivityIndicatorView: b19ddab2576f805cbe0fb2306cba3476e09a1dea
  ObjectMapper: 70187b8941977c62ccfb423caf6b50be405cabf0
  pop: d582054913807fd11fd50bfe6a539d91c7e1a55a
  ProgressHUD: 54b4c2fa202bf3da7dddc1c698ae4e6376333bd9
  QuickLayout: 07b45a72b10083fee3f095990cfed1c1e7b27f0a
  RxCocoa: cbf70265dc65a981d4ac982e513c10cf23df24a0
  RxSwift: f172070dfd1a93d70a9ab97a5a01166206e1c575
  SnapKit: fe8a619752f3f27075cc9a90244d75c6c3f27e2a
  SQLite.swift: d2b4642190917051ce6bd1d49aab565fe794eea3
  SwiftEntryKit: 7bcd42b3dbff59c431d60d6513129fd3679e4aaf
  SwiftMessages: a952f7a9103d9aeab93730a2861d2d8fcdd8758f
  SwiftyJSON: 36413e04c44ee145039d332b4f4e2d3e8d6c4db7
  SwiftyUserDefaults: 6a1951df1daa19337862b677dd9a4b9bd4c288cd

PODFILE CHECKSUM: 955fc4244d9950667f67cb06af8f1570c549f268

COCOAPODS: 1.6.1
