// !$*UTF8*$!
{
	archiveVersion = 1;
	classes = {
	};
	objectVersion = 50;
	objects = {

/* Begin PBXBuildFile section */
		2E5DE23DA2DF7DEC572F5C10 /* Pods_Hiker.framework in Frameworks */ = {isa = PBXBuildFile; fileRef = 978E4A264CDD79979538993C /* Pods_Hiker.framework */; };
		F50155E223273CC500FD201C /* StoryViewController.swift in Sources */ = {isa = PBXBuildFile; fileRef = F50155E123273CC500FD201C /* StoryViewController.swift */; };
		F50155E52327445C00FD201C /* StoryBannerViewModel.swift in Sources */ = {isa = PBXBuildFile; fileRef = F50155E42327445C00FD201C /* StoryBannerViewModel.swift */; };
		F50155E7232744A400FD201C /* StoryBannerModel.swift in Sources */ = {isa = PBXBuildFile; fileRef = F50155E6232744A400FD201C /* StoryBannerModel.swift */; };
		F50155E92327454800FD201C /* StoryBannerView.swift in Sources */ = {isa = PBXBuildFile; fileRef = F50155E82327454800FD201C /* StoryBannerView.swift */; };
		F50155EB2327494B00FD201C /* StoryBaseViewController.swift in Sources */ = {isa = PBXBuildFile; fileRef = F50155EA2327494B00FD201C /* StoryBaseViewController.swift */; };
		F50155EE2327682D00FD201C /* MapCell.swift in Sources */ = {isa = PBXBuildFile; fileRef = F50155ED2327682D00FD201C /* MapCell.swift */; };
		F50155F02327684A00FD201C /* StorySementCell.swift in Sources */ = {isa = PBXBuildFile; fileRef = F50155EF2327684A00FD201C /* StorySementCell.swift */; };
		F50155F32327743200FD201C /* SearchViewController.swift in Sources */ = {isa = PBXBuildFile; fileRef = F50155F22327743200FD201C /* SearchViewController.swift */; };
		F50155F5232774AC00FD201C /* SubClassBaseViewController.swift in Sources */ = {isa = PBXBuildFile; fileRef = F50155F4232774AC00FD201C /* SubClassBaseViewController.swift */; };
		F50155F8232775A700FD201C /* TipsViewController.swift in Sources */ = {isa = PBXBuildFile; fileRef = F50155F7232775A700FD201C /* TipsViewController.swift */; };
		F50155FA2327842F00FD201C /* MineHeaderView.swift in Sources */ = {isa = PBXBuildFile; fileRef = F50155F92327842F00FD201C /* MineHeaderView.swift */; };
		F50155FC2327865300FD201C /* LTAdvancedTestOneVC.swift in Sources */ = {isa = PBXBuildFile; fileRef = F50155FB2327865300FD201C /* LTAdvancedTestOneVC.swift */; };
		F5015600232799D900FD201C /* SetViewController.swift in Sources */ = {isa = PBXBuildFile; fileRef = F50155FE232799D900FD201C /* SetViewController.swift */; };
		F5015601232799D900FD201C /* SetViewController.xib in Resources */ = {isa = PBXBuildFile; fileRef = F50155FF232799D900FD201C /* SetViewController.xib */; };
		F57C320A23349F1600B6E7A0 /* UserDefaults.swift in Sources */ = {isa = PBXBuildFile; fileRef = F57C320923349F1600B6E7A0 /* UserDefaults.swift */; };
		F57C320C2334A90500B6E7A0 /* NoteViewController.swift in Sources */ = {isa = PBXBuildFile; fileRef = F57C320B2334A90500B6E7A0 /* NoteViewController.swift */; };
		F57C320E2334AD8900B6E7A0 /* TitleViewController.swift in Sources */ = {isa = PBXBuildFile; fileRef = F57C320D2334AD8900B6E7A0 /* TitleViewController.swift */; };
		F58017C22325E0560014E3C3 /* AppDelegate.swift in Sources */ = {isa = PBXBuildFile; fileRef = F58017C12325E0560014E3C3 /* AppDelegate.swift */; };
		F58017C42325E0560014E3C3 /* MainViewController.swift in Sources */ = {isa = PBXBuildFile; fileRef = F58017C32325E0560014E3C3 /* MainViewController.swift */; };
		F58017C72325E0560014E3C3 /* Main.storyboard in Resources */ = {isa = PBXBuildFile; fileRef = F58017C52325E0560014E3C3 /* Main.storyboard */; };
		F58017C92325E0570014E3C3 /* Assets.xcassets in Resources */ = {isa = PBXBuildFile; fileRef = F58017C82325E0570014E3C3 /* Assets.xcassets */; };
		F58017CC2325E0570014E3C3 /* LaunchScreen.storyboard in Resources */ = {isa = PBXBuildFile; fileRef = F58017CA2325E0570014E3C3 /* LaunchScreen.storyboard */; };
		F58017DC2325F9B70014E3C3 /* HKHomeViewController.swift in Sources */ = {isa = PBXBuildFile; fileRef = F58017DB2325F9B70014E3C3 /* HKHomeViewController.swift */; };
		F58017DE2325F9E00014E3C3 /* HKMineViewController.swift in Sources */ = {isa = PBXBuildFile; fileRef = F58017DD2325F9E00014E3C3 /* HKMineViewController.swift */; };
		F58017E02325F9F20014E3C3 /* HKBaseViewController.swift in Sources */ = {isa = PBXBuildFile; fileRef = F58017DF2325F9F20014E3C3 /* HKBaseViewController.swift */; };
		F58017E22326075B0014E3C3 /* Const.swift in Sources */ = {isa = PBXBuildFile; fileRef = F58017E12326075B0014E3C3 /* Const.swift */; };
		F58017E4232607770014E3C3 /* Extension + color.swift in Sources */ = {isa = PBXBuildFile; fileRef = F58017E3232607770014E3C3 /* Extension + color.swift */; };
		F5AED64A2330C40200B5B824 /* Photo.swift in Sources */ = {isa = PBXBuildFile; fileRef = F5AED6492330C40200B5B824 /* Photo.swift */; };
		F5AED64C2330C69C00B5B824 /* Album.swift in Sources */ = {isa = PBXBuildFile; fileRef = F5AED64B2330C69C00B5B824 /* Album.swift */; };
		F5AED6522330C7FB00B5B824 /* DataBase.swift in Sources */ = {isa = PBXBuildFile; fileRef = F5AED6512330C7FB00B5B824 /* DataBase.swift */; };
		F5AED6602330C8AA00B5B824 /* UserStateTable.swift in Sources */ = {isa = PBXBuildFile; fileRef = F5AED6562330C8A800B5B824 /* UserStateTable.swift */; };
		F5AED6612330C8AA00B5B824 /* LocationIndexTable.swift in Sources */ = {isa = PBXBuildFile; fileRef = F5AED6582330C8A900B5B824 /* LocationIndexTable.swift */; };
		F5AED6622330C8AA00B5B824 /* ThingTable.swift in Sources */ = {isa = PBXBuildFile; fileRef = F5AED6592330C8A900B5B824 /* ThingTable.swift */; };
		F5AED6632330C8AA00B5B824 /* ThingIndexTable.swift in Sources */ = {isa = PBXBuildFile; fileRef = F5AED65A2330C8A900B5B824 /* ThingIndexTable.swift */; };
		F5AED6642330C8AA00B5B824 /* CustomAlbumTable.swift in Sources */ = {isa = PBXBuildFile; fileRef = F5AED65B2330C8A900B5B824 /* CustomAlbumTable.swift */; };
		F5AED6652330C8AA00B5B824 /* LocationTable.swift in Sources */ = {isa = PBXBuildFile; fileRef = F5AED65C2330C8AA00B5B824 /* LocationTable.swift */; };
		F5AED6662330C8AA00B5B824 /* DelectTable.swift in Sources */ = {isa = PBXBuildFile; fileRef = F5AED65D2330C8AA00B5B824 /* DelectTable.swift */; };
		F5AED6672330C8AA00B5B824 /* LocalAlbumTable.swift in Sources */ = {isa = PBXBuildFile; fileRef = F5AED65E2330C8AA00B5B824 /* LocalAlbumTable.swift */; };
		F5AED6682330C8AA00B5B824 /* DiaryTable.swift in Sources */ = {isa = PBXBuildFile; fileRef = F5AED65F2330C8AA00B5B824 /* DiaryTable.swift */; };
		F5C872522331C4B60094DD7A /* GSCaptchaButton.swift in Sources */ = {isa = PBXBuildFile; fileRef = F5C872512331C4B60094DD7A /* GSCaptchaButton.swift */; };
		F5C872542331C8480094DD7A /* TimerButton.swift in Sources */ = {isa = PBXBuildFile; fileRef = F5C872532331C8470094DD7A /* TimerButton.swift */; };
		F5C8725B233203CF0094DD7A /* FanViewController.swift in Sources */ = {isa = PBXBuildFile; fileRef = F5C8725A233203CF0094DD7A /* FanViewController.swift */; };
		F5C8725D233203D90094DD7A /* ConcernViewController.swift in Sources */ = {isa = PBXBuildFile; fileRef = F5C8725C233203D90094DD7A /* ConcernViewController.swift */; };
		F5C8725F2332211C0094DD7A /* VegaScrollFlowLayout.swift in Sources */ = {isa = PBXBuildFile; fileRef = F5C8725E2332211C0094DD7A /* VegaScrollFlowLayout.swift */; };
		F5D2C3CF232892AD00DE60D2 /* RegisterViewController.swift in Sources */ = {isa = PBXBuildFile; fileRef = F5D2C3CE232892AD00DE60D2 /* RegisterViewController.swift */; };
		F5D2C3D12328C45D00DE60D2 /* TabBarItem.swift in Sources */ = {isa = PBXBuildFile; fileRef = F5D2C3D02328C45D00DE60D2 /* TabBarItem.swift */; };
		F5D2C3D32328C85D00DE60D2 /* MineStoryViewController.swift in Sources */ = {isa = PBXBuildFile; fileRef = F5D2C3D22328C85D00DE60D2 /* MineStoryViewController.swift */; };
		F5D2C3D62328C97700DE60D2 /* MineSotryCell.swift in Sources */ = {isa = PBXBuildFile; fileRef = F5D2C3D42328C97700DE60D2 /* MineSotryCell.swift */; };
		F5D2C3D72328C97700DE60D2 /* MineSotryCell.xib in Resources */ = {isa = PBXBuildFile; fileRef = F5D2C3D52328C97700DE60D2 /* MineSotryCell.xib */; };
		F5D2C3DA2328D0A200DE60D2 /* CustomTransitionViewController.swift in Sources */ = {isa = PBXBuildFile; fileRef = F5D2C3D82328D0A200DE60D2 /* CustomTransitionViewController.swift */; };
		F5D2C3DB2328D0A200DE60D2 /* FadeTransition.swift in Sources */ = {isa = PBXBuildFile; fileRef = F5D2C3D92328D0A200DE60D2 /* FadeTransition.swift */; };
		F5D2C3DD2328D0D000DE60D2 /* NotesViewController.swift in Sources */ = {isa = PBXBuildFile; fileRef = F5D2C3DC2328D0D000DE60D2 /* NotesViewController.swift */; };
		F5D8DD652329E58400B7EADF /* WriteCell.swift in Sources */ = {isa = PBXBuildFile; fileRef = F5D8DD632329E58400B7EADF /* WriteCell.swift */; };
		F5D8DD662329E58400B7EADF /* WriteCell.xib in Resources */ = {isa = PBXBuildFile; fileRef = F5D8DD642329E58400B7EADF /* WriteCell.xib */; };
		F5D8DD682329FDED00B7EADF /* WriteHeaderReusableView.swift in Sources */ = {isa = PBXBuildFile; fileRef = F5D8DD672329FDED00B7EADF /* WriteHeaderReusableView.swift */; };
		F5D8DD6A232A0E2200B7EADF /* WriteStoryCell.swift in Sources */ = {isa = PBXBuildFile; fileRef = F5D8DD69232A0E2200B7EADF /* WriteStoryCell.swift */; };
		F5D8DD6D232A1CA500B7EADF /* OnePhotoCell.swift in Sources */ = {isa = PBXBuildFile; fileRef = F5D8DD6C232A1CA500B7EADF /* OnePhotoCell.swift */; };
		F5E375C1232F735B00C7C351 /* FivePhotoCell.swift in Sources */ = {isa = PBXBuildFile; fileRef = F5E375C0232F735B00C7C351 /* FivePhotoCell.swift */; };
		F5EBB55523386FD1006DAAC8 /* NotesModel.swift in Sources */ = {isa = PBXBuildFile; fileRef = F5EBB55423386FD1006DAAC8 /* NotesModel.swift */; };
		F5EBB5572338976A006DAAC8 /* PhotoCell.swift in Sources */ = {isa = PBXBuildFile; fileRef = F5EBB5562338976A006DAAC8 /* PhotoCell.swift */; };
		F5EC431223261D7A00107F66 /* MainNavigationController.swift in Sources */ = {isa = PBXBuildFile; fileRef = F5EC431123261D7A00107F66 /* MainNavigationController.swift */; };
		F5EC431B23262E2100107F66 /* HomeSearchView.swift in Sources */ = {isa = PBXBuildFile; fileRef = F5EC431A23262E2100107F66 /* HomeSearchView.swift */; };
		F5EC431D23262E4400107F66 /* RecommendCityView.swift in Sources */ = {isa = PBXBuildFile; fileRef = F5EC431C23262E4400107F66 /* RecommendCityView.swift */; };
		F5EC431F23262E5700107F66 /* StoryView.swift in Sources */ = {isa = PBXBuildFile; fileRef = F5EC431E23262E5700107F66 /* StoryView.swift */; };
		F5EC4322232633FA00107F66 /* HomeHeaderReusableView.swift in Sources */ = {isa = PBXBuildFile; fileRef = F5EC4321232633FA00107F66 /* HomeHeaderReusableView.swift */; };
		F5EC43242326374600107F66 /* CityView.swift in Sources */ = {isa = PBXBuildFile; fileRef = F5EC43232326374600107F66 /* CityView.swift */; };
/* End PBXBuildFile section */

/* Begin PBXFileReference section */
		00FAD65466EEEDB00D9768D2 /* Pods-Hiker.debug.xcconfig */ = {isa = PBXFileReference; includeInIndex = 1; lastKnownFileType = text.xcconfig; name = "Pods-Hiker.debug.xcconfig"; path = "Target Support Files/Pods-Hiker/Pods-Hiker.debug.xcconfig"; sourceTree = "<group>"; };
		978E4A264CDD79979538993C /* Pods_Hiker.framework */ = {isa = PBXFileReference; explicitFileType = wrapper.framework; includeInIndex = 0; path = Pods_Hiker.framework; sourceTree = BUILT_PRODUCTS_DIR; };
		F50155E123273CC500FD201C /* StoryViewController.swift */ = {isa = PBXFileReference; lastKnownFileType = sourcecode.swift; path = StoryViewController.swift; sourceTree = "<group>"; };
		F50155E42327445C00FD201C /* StoryBannerViewModel.swift */ = {isa = PBXFileReference; lastKnownFileType = sourcecode.swift; path = StoryBannerViewModel.swift; sourceTree = "<group>"; };
		F50155E6232744A400FD201C /* StoryBannerModel.swift */ = {isa = PBXFileReference; lastKnownFileType = sourcecode.swift; path = StoryBannerModel.swift; sourceTree = "<group>"; };
		F50155E82327454800FD201C /* StoryBannerView.swift */ = {isa = PBXFileReference; lastKnownFileType = sourcecode.swift; path = StoryBannerView.swift; sourceTree = "<group>"; };
		F50155EA2327494B00FD201C /* StoryBaseViewController.swift */ = {isa = PBXFileReference; lastKnownFileType = sourcecode.swift; path = StoryBaseViewController.swift; sourceTree = "<group>"; };
		F50155ED2327682D00FD201C /* MapCell.swift */ = {isa = PBXFileReference; lastKnownFileType = sourcecode.swift; path = MapCell.swift; sourceTree = "<group>"; };
		F50155EF2327684A00FD201C /* StorySementCell.swift */ = {isa = PBXFileReference; lastKnownFileType = sourcecode.swift; path = StorySementCell.swift; sourceTree = "<group>"; };
		F50155F22327743200FD201C /* SearchViewController.swift */ = {isa = PBXFileReference; lastKnownFileType = sourcecode.swift; path = SearchViewController.swift; sourceTree = "<group>"; };
		F50155F4232774AC00FD201C /* SubClassBaseViewController.swift */ = {isa = PBXFileReference; lastKnownFileType = sourcecode.swift; path = SubClassBaseViewController.swift; sourceTree = "<group>"; };
		F50155F7232775A700FD201C /* TipsViewController.swift */ = {isa = PBXFileReference; lastKnownFileType = sourcecode.swift; path = TipsViewController.swift; sourceTree = "<group>"; };
		F50155F92327842F00FD201C /* MineHeaderView.swift */ = {isa = PBXFileReference; lastKnownFileType = sourcecode.swift; path = MineHeaderView.swift; sourceTree = "<group>"; };
		F50155FB2327865300FD201C /* LTAdvancedTestOneVC.swift */ = {isa = PBXFileReference; fileEncoding = 4; lastKnownFileType = sourcecode.swift; path = LTAdvancedTestOneVC.swift; sourceTree = "<group>"; };
		F50155FE232799D900FD201C /* SetViewController.swift */ = {isa = PBXFileReference; lastKnownFileType = sourcecode.swift; path = SetViewController.swift; sourceTree = "<group>"; };
		F50155FF232799D900FD201C /* SetViewController.xib */ = {isa = PBXFileReference; lastKnownFileType = file.xib; path = SetViewController.xib; sourceTree = "<group>"; };
		F57C320923349F1600B6E7A0 /* UserDefaults.swift */ = {isa = PBXFileReference; lastKnownFileType = sourcecode.swift; path = UserDefaults.swift; sourceTree = "<group>"; };
		F57C320B2334A90500B6E7A0 /* NoteViewController.swift */ = {isa = PBXFileReference; lastKnownFileType = sourcecode.swift; path = NoteViewController.swift; sourceTree = "<group>"; };
		F57C320D2334AD8900B6E7A0 /* TitleViewController.swift */ = {isa = PBXFileReference; lastKnownFileType = sourcecode.swift; name = TitleViewController.swift; path = Trash/TitleViewController.swift; sourceTree = "<group>"; };
		F58017BE2325E0560014E3C3 /* Hiker.app */ = {isa = PBXFileReference; explicitFileType = wrapper.application; includeInIndex = 0; path = Hiker.app; sourceTree = BUILT_PRODUCTS_DIR; };
		F58017C12325E0560014E3C3 /* AppDelegate.swift */ = {isa = PBXFileReference; lastKnownFileType = sourcecode.swift; path = AppDelegate.swift; sourceTree = "<group>"; };
		F58017C32325E0560014E3C3 /* MainViewController.swift */ = {isa = PBXFileReference; lastKnownFileType = sourcecode.swift; path = MainViewController.swift; sourceTree = "<group>"; };
		F58017C62325E0560014E3C3 /* Base */ = {isa = PBXFileReference; lastKnownFileType = file.storyboard; name = Base; path = Base.lproj/Main.storyboard; sourceTree = "<group>"; };
		F58017C82325E0570014E3C3 /* Assets.xcassets */ = {isa = PBXFileReference; lastKnownFileType = folder.assetcatalog; path = Assets.xcassets; sourceTree = "<group>"; };
		F58017CB2325E0570014E3C3 /* Base */ = {isa = PBXFileReference; lastKnownFileType = file.storyboard; name = Base; path = Base.lproj/LaunchScreen.storyboard; sourceTree = "<group>"; };
		F58017CD2325E0570014E3C3 /* Info.plist */ = {isa = PBXFileReference; lastKnownFileType = text.plist.xml; path = Info.plist; sourceTree = "<group>"; };
		F58017DB2325F9B70014E3C3 /* HKHomeViewController.swift */ = {isa = PBXFileReference; lastKnownFileType = sourcecode.swift; path = HKHomeViewController.swift; sourceTree = "<group>"; };
		F58017DD2325F9E00014E3C3 /* HKMineViewController.swift */ = {isa = PBXFileReference; lastKnownFileType = sourcecode.swift; path = HKMineViewController.swift; sourceTree = "<group>"; };
		F58017DF2325F9F20014E3C3 /* HKBaseViewController.swift */ = {isa = PBXFileReference; lastKnownFileType = sourcecode.swift; path = HKBaseViewController.swift; sourceTree = "<group>"; };
		F58017E12326075B0014E3C3 /* Const.swift */ = {isa = PBXFileReference; lastKnownFileType = sourcecode.swift; path = Const.swift; sourceTree = "<group>"; };
		F58017E3232607770014E3C3 /* Extension + color.swift */ = {isa = PBXFileReference; lastKnownFileType = sourcecode.swift; path = "Extension + color.swift"; sourceTree = "<group>"; };
		F5AED6492330C40200B5B824 /* Photo.swift */ = {isa = PBXFileReference; lastKnownFileType = sourcecode.swift; path = Photo.swift; sourceTree = "<group>"; };
		F5AED64B2330C69C00B5B824 /* Album.swift */ = {isa = PBXFileReference; lastKnownFileType = sourcecode.swift; path = Album.swift; sourceTree = "<group>"; };
		F5AED6512330C7FB00B5B824 /* DataBase.swift */ = {isa = PBXFileReference; lastKnownFileType = sourcecode.swift; path = DataBase.swift; sourceTree = "<group>"; };
		F5AED6532330C88B00B5B824 /* Hiker-Bridging-Header.h */ = {isa = PBXFileReference; lastKnownFileType = sourcecode.c.h; path = "Hiker-Bridging-Header.h"; sourceTree = "<group>"; };
		F5AED6562330C8A800B5B824 /* UserStateTable.swift */ = {isa = PBXFileReference; fileEncoding = 4; lastKnownFileType = sourcecode.swift; path = UserStateTable.swift; sourceTree = "<group>"; };
		F5AED6572330C8A800B5B824 /* Tracks-Bridging-Header.h */ = {isa = PBXFileReference; fileEncoding = 4; lastKnownFileType = sourcecode.c.h; path = "Tracks-Bridging-Header.h"; sourceTree = "<group>"; };
		F5AED6582330C8A900B5B824 /* LocationIndexTable.swift */ = {isa = PBXFileReference; fileEncoding = 4; lastKnownFileType = sourcecode.swift; path = LocationIndexTable.swift; sourceTree = "<group>"; };
		F5AED6592330C8A900B5B824 /* ThingTable.swift */ = {isa = PBXFileReference; fileEncoding = 4; lastKnownFileType = sourcecode.swift; path = ThingTable.swift; sourceTree = "<group>"; };
		F5AED65A2330C8A900B5B824 /* ThingIndexTable.swift */ = {isa = PBXFileReference; fileEncoding = 4; lastKnownFileType = sourcecode.swift; path = ThingIndexTable.swift; sourceTree = "<group>"; };
		F5AED65B2330C8A900B5B824 /* CustomAlbumTable.swift */ = {isa = PBXFileReference; fileEncoding = 4; lastKnownFileType = sourcecode.swift; path = CustomAlbumTable.swift; sourceTree = "<group>"; };
		F5AED65C2330C8AA00B5B824 /* LocationTable.swift */ = {isa = PBXFileReference; fileEncoding = 4; lastKnownFileType = sourcecode.swift; path = LocationTable.swift; sourceTree = "<group>"; };
		F5AED65D2330C8AA00B5B824 /* DelectTable.swift */ = {isa = PBXFileReference; fileEncoding = 4; lastKnownFileType = sourcecode.swift; path = DelectTable.swift; sourceTree = "<group>"; };
		F5AED65E2330C8AA00B5B824 /* LocalAlbumTable.swift */ = {isa = PBXFileReference; fileEncoding = 4; lastKnownFileType = sourcecode.swift; path = LocalAlbumTable.swift; sourceTree = "<group>"; };
		F5AED65F2330C8AA00B5B824 /* DiaryTable.swift */ = {isa = PBXFileReference; fileEncoding = 4; lastKnownFileType = sourcecode.swift; path = DiaryTable.swift; sourceTree = "<group>"; };
		F5C872512331C4B60094DD7A /* GSCaptchaButton.swift */ = {isa = PBXFileReference; fileEncoding = 4; lastKnownFileType = sourcecode.swift; path = GSCaptchaButton.swift; sourceTree = "<group>"; };
		F5C872532331C8470094DD7A /* TimerButton.swift */ = {isa = PBXFileReference; fileEncoding = 4; lastKnownFileType = sourcecode.swift; path = TimerButton.swift; sourceTree = "<group>"; };
		F5C8725A233203CF0094DD7A /* FanViewController.swift */ = {isa = PBXFileReference; lastKnownFileType = sourcecode.swift; path = FanViewController.swift; sourceTree = "<group>"; };
		F5C8725C233203D90094DD7A /* ConcernViewController.swift */ = {isa = PBXFileReference; lastKnownFileType = sourcecode.swift; path = ConcernViewController.swift; sourceTree = "<group>"; };
		F5C8725E2332211C0094DD7A /* VegaScrollFlowLayout.swift */ = {isa = PBXFileReference; fileEncoding = 4; lastKnownFileType = sourcecode.swift; path = VegaScrollFlowLayout.swift; sourceTree = "<group>"; };
		F5D2C3CE232892AD00DE60D2 /* RegisterViewController.swift */ = {isa = PBXFileReference; fileEncoding = 4; lastKnownFileType = sourcecode.swift; path = RegisterViewController.swift; sourceTree = "<group>"; };
		F5D2C3D02328C45D00DE60D2 /* TabBarItem.swift */ = {isa = PBXFileReference; lastKnownFileType = sourcecode.swift; path = TabBarItem.swift; sourceTree = "<group>"; };
		F5D2C3D22328C85D00DE60D2 /* MineStoryViewController.swift */ = {isa = PBXFileReference; lastKnownFileType = sourcecode.swift; path = MineStoryViewController.swift; sourceTree = "<group>"; };
		F5D2C3D42328C97700DE60D2 /* MineSotryCell.swift */ = {isa = PBXFileReference; lastKnownFileType = sourcecode.swift; path = MineSotryCell.swift; sourceTree = "<group>"; };
		F5D2C3D52328C97700DE60D2 /* MineSotryCell.xib */ = {isa = PBXFileReference; lastKnownFileType = file.xib; path = MineSotryCell.xib; sourceTree = "<group>"; };
		F5D2C3D82328D0A200DE60D2 /* CustomTransitionViewController.swift */ = {isa = PBXFileReference; fileEncoding = 4; lastKnownFileType = sourcecode.swift; path = CustomTransitionViewController.swift; sourceTree = "<group>"; };
		F5D2C3D92328D0A200DE60D2 /* FadeTransition.swift */ = {isa = PBXFileReference; fileEncoding = 4; lastKnownFileType = sourcecode.swift; path = FadeTransition.swift; sourceTree = "<group>"; };
		F5D2C3DC2328D0D000DE60D2 /* NotesViewController.swift */ = {isa = PBXFileReference; lastKnownFileType = sourcecode.swift; path = NotesViewController.swift; sourceTree = "<group>"; };
		F5D8DD632329E58400B7EADF /* WriteCell.swift */ = {isa = PBXFileReference; lastKnownFileType = sourcecode.swift; path = WriteCell.swift; sourceTree = "<group>"; };
		F5D8DD642329E58400B7EADF /* WriteCell.xib */ = {isa = PBXFileReference; lastKnownFileType = file.xib; path = WriteCell.xib; sourceTree = "<group>"; };
		F5D8DD672329FDED00B7EADF /* WriteHeaderReusableView.swift */ = {isa = PBXFileReference; lastKnownFileType = sourcecode.swift; path = WriteHeaderReusableView.swift; sourceTree = "<group>"; };
		F5D8DD69232A0E2200B7EADF /* WriteStoryCell.swift */ = {isa = PBXFileReference; lastKnownFileType = sourcecode.swift; path = WriteStoryCell.swift; sourceTree = "<group>"; };
		F5D8DD6C232A1CA500B7EADF /* OnePhotoCell.swift */ = {isa = PBXFileReference; lastKnownFileType = sourcecode.swift; path = OnePhotoCell.swift; sourceTree = "<group>"; };
		F5E375C0232F735B00C7C351 /* FivePhotoCell.swift */ = {isa = PBXFileReference; lastKnownFileType = sourcecode.swift; path = FivePhotoCell.swift; sourceTree = "<group>"; };
		F5EBB55423386FD1006DAAC8 /* NotesModel.swift */ = {isa = PBXFileReference; lastKnownFileType = sourcecode.swift; path = NotesModel.swift; sourceTree = "<group>"; };
		F5EBB5562338976A006DAAC8 /* PhotoCell.swift */ = {isa = PBXFileReference; lastKnownFileType = sourcecode.swift; path = PhotoCell.swift; sourceTree = "<group>"; };
		F5EC431123261D7A00107F66 /* MainNavigationController.swift */ = {isa = PBXFileReference; lastKnownFileType = sourcecode.swift; path = MainNavigationController.swift; sourceTree = "<group>"; };
		F5EC431A23262E2100107F66 /* HomeSearchView.swift */ = {isa = PBXFileReference; lastKnownFileType = sourcecode.swift; path = HomeSearchView.swift; sourceTree = "<group>"; };
		F5EC431C23262E4400107F66 /* RecommendCityView.swift */ = {isa = PBXFileReference; lastKnownFileType = sourcecode.swift; path = RecommendCityView.swift; sourceTree = "<group>"; };
		F5EC431E23262E5700107F66 /* StoryView.swift */ = {isa = PBXFileReference; lastKnownFileType = sourcecode.swift; path = StoryView.swift; sourceTree = "<group>"; };
		F5EC4321232633FA00107F66 /* HomeHeaderReusableView.swift */ = {isa = PBXFileReference; lastKnownFileType = sourcecode.swift; path = HomeHeaderReusableView.swift; sourceTree = "<group>"; };
		F5EC43232326374600107F66 /* CityView.swift */ = {isa = PBXFileReference; lastKnownFileType = sourcecode.swift; path = CityView.swift; sourceTree = "<group>"; };
		FB82EFE226787FDAE3F7E104 /* Pods-Hiker.release.xcconfig */ = {isa = PBXFileReference; includeInIndex = 1; lastKnownFileType = text.xcconfig; name = "Pods-Hiker.release.xcconfig"; path = "Target Support Files/Pods-Hiker/Pods-Hiker.release.xcconfig"; sourceTree = "<group>"; };
/* End PBXFileReference section */

/* Begin PBXFrameworksBuildPhase section */
		F58017BB2325E0560014E3C3 /* Frameworks */ = {
			isa = PBXFrameworksBuildPhase;
			buildActionMask = 2147483647;
			files = (
				2E5DE23DA2DF7DEC572F5C10 /* Pods_Hiker.framework in Frameworks */,
			);
			runOnlyForDeploymentPostprocessing = 0;
		};
/* End PBXFrameworksBuildPhase section */

/* Begin PBXGroup section */
		14EBDCC70D1184FDA334948E /* Pods */ = {
			isa = PBXGroup;
			children = (
				00FAD65466EEEDB00D9768D2 /* Pods-Hiker.debug.xcconfig */,
				FB82EFE226787FDAE3F7E104 /* Pods-Hiker.release.xcconfig */,
			);
			path = Pods;
			sourceTree = "<group>";
		};
		89B7BCA00786C44375F7F5CF /* Frameworks */ = {
			isa = PBXGroup;
			children = (
				978E4A264CDD79979538993C /* Pods_Hiker.framework */,
			);
			name = Frameworks;
			sourceTree = "<group>";
		};
		F50155E023273CA200FD201C /* 二级页面 */ = {
			isa = PBXGroup;
			children = (
				F50155F4232774AC00FD201C /* SubClassBaseViewController.swift */,
				F50155F62327759500FD201C /* Tips - 消息 */,
				F50155F12327740000FD201C /* Search - 搜索 */,
				F50155E32327402300FD201C /* Story - 故事簿 */,
			);
			path = "二级页面";
			sourceTree = "<group>";
		};
		F50155E32327402300FD201C /* Story - 故事簿 */ = {
			isa = PBXGroup;
			children = (
				F50155EA2327494B00FD201C /* StoryBaseViewController.swift */,
				F50155E123273CC500FD201C /* StoryViewController.swift */,
				F50155EC232767DB00FD201C /* BaseView */,
				F50155E42327445C00FD201C /* StoryBannerViewModel.swift */,
				F50155E6232744A400FD201C /* StoryBannerModel.swift */,
				F50155E82327454800FD201C /* StoryBannerView.swift */,
			);
			path = "Story - 故事簿";
			sourceTree = "<group>";
		};
		F50155EC232767DB00FD201C /* BaseView */ = {
			isa = PBXGroup;
			children = (
				F50155ED2327682D00FD201C /* MapCell.swift */,
				F50155EF2327684A00FD201C /* StorySementCell.swift */,
			);
			path = BaseView;
			sourceTree = "<group>";
		};
		F50155F12327740000FD201C /* Search - 搜索 */ = {
			isa = PBXGroup;
			children = (
				F50155F22327743200FD201C /* SearchViewController.swift */,
			);
			path = "Search - 搜索";
			sourceTree = "<group>";
		};
		F50155F62327759500FD201C /* Tips - 消息 */ = {
			isa = PBXGroup;
			children = (
				F50155F7232775A700FD201C /* TipsViewController.swift */,
			);
			path = "Tips - 消息";
			sourceTree = "<group>";
		};
		F50155FD232799BE00FD201C /* Set - 设置 */ = {
			isa = PBXGroup;
			children = (
				F50155FE232799D900FD201C /* SetViewController.swift */,
				F50155FF232799D900FD201C /* SetViewController.xib */,
			);
			path = "Set - 设置";
			sourceTree = "<group>";
		};
		F58017B52325E0560014E3C3 = {
			isa = PBXGroup;
			children = (
				F58017C02325E0560014E3C3 /* Hiker */,
				F58017BF2325E0560014E3C3 /* Products */,
				14EBDCC70D1184FDA334948E /* Pods */,
				89B7BCA00786C44375F7F5CF /* Frameworks */,
			);
			sourceTree = "<group>";
		};
		F58017BF2325E0560014E3C3 /* Products */ = {
			isa = PBXGroup;
			children = (
				F58017BE2325E0560014E3C3 /* Hiker.app */,
			);
			name = Products;
			sourceTree = "<group>";
		};
		F58017C02325E0560014E3C3 /* Hiker */ = {
			isa = PBXGroup;
			children = (
				F58017C12325E0560014E3C3 /* AppDelegate.swift */,
				F5AED64F2330C7D100B5B824 /* DataBase */,
				F58017D72325E3340014E3C3 /* Third */,
				F58017D62325E3280014E3C3 /* Extension + Const */,
				F58017D52325E3220014E3C3 /* Main */,
				F58017D42325E31A0014E3C3 /* HikerApp */,
				F58017C82325E0570014E3C3 /* Assets.xcassets */,
				F58017CA2325E0570014E3C3 /* LaunchScreen.storyboard */,
				F58017CD2325E0570014E3C3 /* Info.plist */,
				F5AED6532330C88B00B5B824 /* Hiker-Bridging-Header.h */,
			);
			path = Hiker;
			sourceTree = "<group>";
		};
		F58017D42325E31A0014E3C3 /* HikerApp */ = {
			isa = PBXGroup;
			children = (
				F58017DF2325F9F20014E3C3 /* HKBaseViewController.swift */,
				F5EBB5562338976A006DAAC8 /* PhotoCell.swift */,
				F58017D82325E33C0014E3C3 /* HKHome - 首页 */,
				F58017DA2325E34D0014E3C3 /* HKNotes - 记录 */,
				F58017D92325E3440014E3C3 /* HKMine - 我的 */,
			);
			path = HikerApp;
			sourceTree = "<group>";
		};
		F58017D52325E3220014E3C3 /* Main */ = {
			isa = PBXGroup;
			children = (
				F5AED6482330C3EB00B5B824 /* PhotoManage */,
				F58017C32325E0560014E3C3 /* MainViewController.swift */,
				F5D2C3CE232892AD00DE60D2 /* RegisterViewController.swift */,
				F58017C52325E0560014E3C3 /* Main.storyboard */,
				F5EC431123261D7A00107F66 /* MainNavigationController.swift */,
				F5D2C3D02328C45D00DE60D2 /* TabBarItem.swift */,
			);
			path = Main;
			sourceTree = "<group>";
		};
		F58017D62325E3280014E3C3 /* Extension + Const */ = {
			isa = PBXGroup;
			children = (
				F58017E12326075B0014E3C3 /* Const.swift */,
				F58017E3232607770014E3C3 /* Extension + color.swift */,
			);
			path = "Extension + Const";
			sourceTree = "<group>";
		};
		F58017D72325E3340014E3C3 /* Third */ = {
			isa = PBXGroup;
			children = (
				F5C8725E2332211C0094DD7A /* VegaScrollFlowLayout.swift */,
				F5C872532331C8470094DD7A /* TimerButton.swift */,
				F5C872512331C4B60094DD7A /* GSCaptchaButton.swift */,
				F5D2C3D82328D0A200DE60D2 /* CustomTransitionViewController.swift */,
				F5D2C3D92328D0A200DE60D2 /* FadeTransition.swift */,
			);
			path = Third;
			sourceTree = "<group>";
		};
		F58017D82325E33C0014E3C3 /* HKHome - 首页 */ = {
			isa = PBXGroup;
			children = (
				F58017DB2325F9B70014E3C3 /* HKHomeViewController.swift */,
				F50155E023273CA200FD201C /* 二级页面 */,
				F5EC431623262CE600107F66 /* ViewModel */,
				F5EC431523262CE200107F66 /* Model */,
				F5EC431423262CD500107F66 /* View */,
				F5EC431323262CCF00107F66 /* API */,
			);
			path = "HKHome - 首页";
			sourceTree = "<group>";
		};
		F58017D92325E3440014E3C3 /* HKMine - 我的 */ = {
			isa = PBXGroup;
			children = (
				F5C872592332038E0094DD7A /* Concern - 关注 */,
				F5C87258233203880094DD7A /* Fan - 粉丝 */,
				F5C872572332037B0094DD7A /* Story - 游记 */,
				F50155FD232799BE00FD201C /* Set - 设置 */,
				F50155FB2327865300FD201C /* LTAdvancedTestOneVC.swift */,
				F58017DD2325F9E00014E3C3 /* HKMineViewController.swift */,
				F50155F92327842F00FD201C /* MineHeaderView.swift */,
				F5D2C3D22328C85D00DE60D2 /* MineStoryViewController.swift */,
				F5D2C3D42328C97700DE60D2 /* MineSotryCell.swift */,
				F5D2C3D52328C97700DE60D2 /* MineSotryCell.xib */,
			);
			path = "HKMine - 我的";
			sourceTree = "<group>";
		};
		F58017DA2325E34D0014E3C3 /* HKNotes - 记录 */ = {
			isa = PBXGroup;
			children = (
				F5EBB55423386FD1006DAAC8 /* NotesModel.swift */,
				F57C320D2334AD8900B6E7A0 /* TitleViewController.swift */,
				F5D8DD6B232A0E4C00B7EADF /* Trash */,
				F5D2C3DC2328D0D000DE60D2 /* NotesViewController.swift */,
				F5D8DD672329FDED00B7EADF /* WriteHeaderReusableView.swift */,
				F5D8DD69232A0E2200B7EADF /* WriteStoryCell.swift */,
				F5D8DD6C232A1CA500B7EADF /* OnePhotoCell.swift */,
				F5E375C0232F735B00C7C351 /* FivePhotoCell.swift */,
				F57C320B2334A90500B6E7A0 /* NoteViewController.swift */,
			);
			path = "HKNotes - 记录";
			sourceTree = "<group>";
		};
		F5AED6482330C3EB00B5B824 /* PhotoManage */ = {
			isa = PBXGroup;
			children = (
				F5AED64E2330C7B000B5B824 /* Model */,
			);
			path = PhotoManage;
			sourceTree = "<group>";
		};
		F5AED64E2330C7B000B5B824 /* Model */ = {
			isa = PBXGroup;
			children = (
				F5AED6492330C40200B5B824 /* Photo.swift */,
				F5AED64B2330C69C00B5B824 /* Album.swift */,
			);
			path = Model;
			sourceTree = "<group>";
		};
		F5AED64F2330C7D100B5B824 /* DataBase */ = {
			isa = PBXGroup;
			children = (
				F5AED6512330C7FB00B5B824 /* DataBase.swift */,
				F5AED6502330C7E900B5B824 /* Table */,
				F57C320923349F1600B6E7A0 /* UserDefaults.swift */,
			);
			path = DataBase;
			sourceTree = "<group>";
		};
		F5AED6502330C7E900B5B824 /* Table */ = {
			isa = PBXGroup;
			children = (
				F5AED65B2330C8A900B5B824 /* CustomAlbumTable.swift */,
				F5AED65D2330C8AA00B5B824 /* DelectTable.swift */,
				F5AED65E2330C8AA00B5B824 /* LocalAlbumTable.swift */,
				F5AED6582330C8A900B5B824 /* LocationIndexTable.swift */,
				F5AED65A2330C8A900B5B824 /* ThingIndexTable.swift */,
				F5AED6592330C8A900B5B824 /* ThingTable.swift */,
				F5AED65C2330C8AA00B5B824 /* LocationTable.swift */,
				F5AED65F2330C8AA00B5B824 /* DiaryTable.swift */,
				F5AED6562330C8A800B5B824 /* UserStateTable.swift */,
				F5AED6572330C8A800B5B824 /* Tracks-Bridging-Header.h */,
			);
			path = Table;
			sourceTree = "<group>";
		};
		F5C872572332037B0094DD7A /* Story - 游记 */ = {
			isa = PBXGroup;
			children = (
			);
			path = "Story - 游记";
			sourceTree = "<group>";
		};
		F5C87258233203880094DD7A /* Fan - 粉丝 */ = {
			isa = PBXGroup;
			children = (
				F5C8725A233203CF0094DD7A /* FanViewController.swift */,
			);
			path = "Fan - 粉丝";
			sourceTree = "<group>";
		};
		F5C872592332038E0094DD7A /* Concern - 关注 */ = {
			isa = PBXGroup;
			children = (
				F5C8725C233203D90094DD7A /* ConcernViewController.swift */,
			);
			path = "Concern - 关注";
			sourceTree = "<group>";
		};
		F5D8DD6B232A0E4C00B7EADF /* Trash */ = {
			isa = PBXGroup;
			children = (
				F5D8DD632329E58400B7EADF /* WriteCell.swift */,
				F5D8DD642329E58400B7EADF /* WriteCell.xib */,
			);
			path = Trash;
			sourceTree = "<group>";
		};
		F5EC431323262CCF00107F66 /* API */ = {
			isa = PBXGroup;
			children = (
			);
			path = API;
			sourceTree = "<group>";
		};
		F5EC431423262CD500107F66 /* View */ = {
			isa = PBXGroup;
			children = (
				F5EC4320232633DC00107F66 /* HeaderView - 头部 */,
				F5EC431723262D0000107F66 /* SearchView - 搜索 */,
				F5EC431823262D1300107F66 /* RecommendCity - 推荐城市 */,
				F5EC431923262D2500107F66 /* Story - 故事 */,
			);
			path = View;
			sourceTree = "<group>";
		};
		F5EC431523262CE200107F66 /* Model */ = {
			isa = PBXGroup;
			children = (
			);
			path = Model;
			sourceTree = "<group>";
		};
		F5EC431623262CE600107F66 /* ViewModel */ = {
			isa = PBXGroup;
			children = (
			);
			path = ViewModel;
			sourceTree = "<group>";
		};
		F5EC431723262D0000107F66 /* SearchView - 搜索 */ = {
			isa = PBXGroup;
			children = (
				F5EC431A23262E2100107F66 /* HomeSearchView.swift */,
			);
			path = "SearchView - 搜索";
			sourceTree = "<group>";
		};
		F5EC431823262D1300107F66 /* RecommendCity - 推荐城市 */ = {
			isa = PBXGroup;
			children = (
				F5EC431C23262E4400107F66 /* RecommendCityView.swift */,
				F5EC43232326374600107F66 /* CityView.swift */,
			);
			path = "RecommendCity - 推荐城市";
			sourceTree = "<group>";
		};
		F5EC431923262D2500107F66 /* Story - 故事 */ = {
			isa = PBXGroup;
			children = (
				F5EC431E23262E5700107F66 /* StoryView.swift */,
			);
			path = "Story - 故事";
			sourceTree = "<group>";
		};
		F5EC4320232633DC00107F66 /* HeaderView - 头部 */ = {
			isa = PBXGroup;
			children = (
				F5EC4321232633FA00107F66 /* HomeHeaderReusableView.swift */,
			);
			path = "HeaderView - 头部";
			sourceTree = "<group>";
		};
/* End PBXGroup section */

/* Begin PBXNativeTarget section */
		F58017BD2325E0560014E3C3 /* Hiker */ = {
			isa = PBXNativeTarget;
			buildConfigurationList = F58017D02325E0570014E3C3 /* Build configuration list for PBXNativeTarget "Hiker" */;
			buildPhases = (
				50AECDE7894694A41BAEBC51 /* [CP] Check Pods Manifest.lock */,
				F58017BA2325E0560014E3C3 /* Sources */,
				F58017BB2325E0560014E3C3 /* Frameworks */,
				F58017BC2325E0560014E3C3 /* Resources */,
				FB92C422B7F8F92B6ECB9D13 /* [CP] Embed Pods Frameworks */,
			);
			buildRules = (
			);
			dependencies = (
			);
			name = Hiker;
			productName = Hiker;
			productReference = F58017BE2325E0560014E3C3 /* Hiker.app */;
			productType = "com.apple.product-type.application";
		};
/* End PBXNativeTarget section */

/* Begin PBXProject section */
		F58017B62325E0560014E3C3 /* Project object */ = {
			isa = PBXProject;
			attributes = {
				LastSwiftUpdateCheck = 1020;
				LastUpgradeCheck = 1020;
				ORGANIZATIONNAME = "张驰";
				TargetAttributes = {
					F58017BD2325E0560014E3C3 = {
						CreatedOnToolsVersion = 10.2;
						LastSwiftMigration = 1020;
					};
				};
			};
			buildConfigurationList = F58017B92325E0560014E3C3 /* Build configuration list for PBXProject "Hiker" */;
			compatibilityVersion = "Xcode 9.3";
			developmentRegion = en;
			hasScannedForEncodings = 0;
			knownRegions = (
				en,
				Base,
			);
			mainGroup = F58017B52325E0560014E3C3;
			productRefGroup = F58017BF2325E0560014E3C3 /* Products */;
			projectDirPath = "";
			projectRoot = "";
			targets = (
				F58017BD2325E0560014E3C3 /* Hiker */,
			);
		};
/* End PBXProject section */

/* Begin PBXResourcesBuildPhase section */
		F58017BC2325E0560014E3C3 /* Resources */ = {
			isa = PBXResourcesBuildPhase;
			buildActionMask = 2147483647;
			files = (
				F58017CC2325E0570014E3C3 /* LaunchScreen.storyboard in Resources */,
				F5015601232799D900FD201C /* SetViewController.xib in Resources */,
				F5D2C3D72328C97700DE60D2 /* MineSotryCell.xib in Resources */,
				F58017C92325E0570014E3C3 /* Assets.xcassets in Resources */,
				F58017C72325E0560014E3C3 /* Main.storyboard in Resources */,
				F5D8DD662329E58400B7EADF /* WriteCell.xib in Resources */,
			);
			runOnlyForDeploymentPostprocessing = 0;
		};
/* End PBXResourcesBuildPhase section */

/* Begin PBXShellScriptBuildPhase section */
		50AECDE7894694A41BAEBC51 /* [CP] Check Pods Manifest.lock */ = {
			isa = PBXShellScriptBuildPhase;
			buildActionMask = 2147483647;
			files = (
			);
			inputFileListPaths = (
			);
			inputPaths = (
				"${PODS_PODFILE_DIR_PATH}/Podfile.lock",
				"${PODS_ROOT}/Manifest.lock",
			);
			name = "[CP] Check Pods Manifest.lock";
			outputFileListPaths = (
			);
			outputPaths = (
				"$(DERIVED_FILE_DIR)/Pods-Hiker-checkManifestLockResult.txt",
			);
			runOnlyForDeploymentPostprocessing = 0;
			shellPath = /bin/sh;
			shellScript = "diff \"${PODS_PODFILE_DIR_PATH}/Podfile.lock\" \"${PODS_ROOT}/Manifest.lock\" > /dev/null\nif [ $? != 0 ] ; then\n    # print error to STDERR\n    echo \"error: The sandbox is not in sync with the Podfile.lock. Run 'pod install' or update your CocoaPods installation.\" >&2\n    exit 1\nfi\n# This output is used by Xcode 'outputs' to avoid re-running this script phase.\necho \"SUCCESS\" > \"${SCRIPT_OUTPUT_FILE_0}\"\n";
			showEnvVarsInLog = 0;
		};
		FB92C422B7F8F92B6ECB9D13 /* [CP] Embed Pods Frameworks */ = {
			isa = PBXShellScriptBuildPhase;
			buildActionMask = 2147483647;
			files = (
			);
			inputFileListPaths = (
			);
			inputPaths = (
				"${PODS_ROOT}/Target Support Files/Pods-Hiker/Pods-Hiker-frameworks.sh",
				"${BUILT_PRODUCTS_DIR}/Alamofire/Alamofire.framework",
				"${BUILT_PRODUCTS_DIR}/CollectionKit/CollectionKit.framework",
				"${BUILT_PRODUCTS_DIR}/ESTabBarController-swift/ESTabBarController_swift.framework",
				"${BUILT_PRODUCTS_DIR}/EachNavigationBar/EachNavigationBar.framework",
				"${BUILT_PRODUCTS_DIR}/HandyJSON/HandyJSON.framework",
				"${BUILT_PRODUCTS_DIR}/Hero/Hero.framework",
				"${BUILT_PRODUCTS_DIR}/LTScrollView/LTScrollView.framework",
				"${BUILT_PRODUCTS_DIR}/MJRefresh/MJRefresh.framework",
				"${BUILT_PRODUCTS_DIR}/NVActivityIndicatorView/NVActivityIndicatorView.framework",
				"${BUILT_PRODUCTS_DIR}/NewPopMenu/PopMenu.framework",
				"${BUILT_PRODUCTS_DIR}/ObjectMapper/ObjectMapper.framework",
				"${BUILT_PRODUCTS_DIR}/ProgressHUD/ProgressHUD.framework",
				"${BUILT_PRODUCTS_DIR}/QuickLayout/QuickLayout.framework",
				"${BUILT_PRODUCTS_DIR}/RxCocoa/RxCocoa.framework",
				"${BUILT_PRODUCTS_DIR}/RxSwift/RxSwift.framework",
				"${BUILT_PRODUCTS_DIR}/SQLite.swift/SQLite.framework",
				"${BUILT_PRODUCTS_DIR}/SnapKit/SnapKit.framework",
				"${BUILT_PRODUCTS_DIR}/SwiftEntryKit/SwiftEntryKit.framework",
				"${BUILT_PRODUCTS_DIR}/SwiftMessages/SwiftMessages.framework",
				"${BUILT_PRODUCTS_DIR}/SwiftyJSON/SwiftyJSON.framework",
				"${BUILT_PRODUCTS_DIR}/SwiftyUserDefaults/SwiftyUserDefaults.framework",
				"${BUILT_PRODUCTS_DIR}/pop/pop.framework",
			);
			name = "[CP] Embed Pods Frameworks";
			outputFileListPaths = (
			);
			outputPaths = (
				"${TARGET_BUILD_DIR}/${FRAMEWORKS_FOLDER_PATH}/Alamofire.framework",
				"${TARGET_BUILD_DIR}/${FRAMEWORKS_FOLDER_PATH}/CollectionKit.framework",
				"${TARGET_BUILD_DIR}/${FRAMEWORKS_FOLDER_PATH}/ESTabBarController_swift.framework",
				"${TARGET_BUILD_DIR}/${FRAMEWORKS_FOLDER_PATH}/EachNavigationBar.framework",
				"${TARGET_BUILD_DIR}/${FRAMEWORKS_FOLDER_PATH}/HandyJSON.framework",
				"${TARGET_BUILD_DIR}/${FRAMEWORKS_FOLDER_PATH}/Hero.framework",
				"${TARGET_BUILD_DIR}/${FRAMEWORKS_FOLDER_PATH}/LTScrollView.framework",
				"${TARGET_BUILD_DIR}/${FRAMEWORKS_FOLDER_PATH}/MJRefresh.framework",
				"${TARGET_BUILD_DIR}/${FRAMEWORKS_FOLDER_PATH}/NVActivityIndicatorView.framework",
				"${TARGET_BUILD_DIR}/${FRAMEWORKS_FOLDER_PATH}/PopMenu.framework",
				"${TARGET_BUILD_DIR}/${FRAMEWORKS_FOLDER_PATH}/ObjectMapper.framework",
				"${TARGET_BUILD_DIR}/${FRAMEWORKS_FOLDER_PATH}/ProgressHUD.framework",
				"${TARGET_BUILD_DIR}/${FRAMEWORKS_FOLDER_PATH}/QuickLayout.framework",
				"${TARGET_BUILD_DIR}/${FRAMEWORKS_FOLDER_PATH}/RxCocoa.framework",
				"${TARGET_BUILD_DIR}/${FRAMEWORKS_FOLDER_PATH}/RxSwift.framework",
				"${TARGET_BUILD_DIR}/${FRAMEWORKS_FOLDER_PATH}/SQLite.framework",
				"${TARGET_BUILD_DIR}/${FRAMEWORKS_FOLDER_PATH}/SnapKit.framework",
				"${TARGET_BUILD_DIR}/${FRAMEWORKS_FOLDER_PATH}/SwiftEntryKit.framework",
				"${TARGET_BUILD_DIR}/${FRAMEWORKS_FOLDER_PATH}/SwiftMessages.framework",
				"${TARGET_BUILD_DIR}/${FRAMEWORKS_FOLDER_PATH}/SwiftyJSON.framework",
				"${TARGET_BUILD_DIR}/${FRAMEWORKS_FOLDER_PATH}/SwiftyUserDefaults.framework",
				"${TARGET_BUILD_DIR}/${FRAMEWORKS_FOLDER_PATH}/pop.framework",
			);
			runOnlyForDeploymentPostprocessing = 0;
			shellPath = /bin/sh;
			shellScript = "\"${PODS_ROOT}/Target Support Files/Pods-Hiker/Pods-Hiker-frameworks.sh\"\n";
			showEnvVarsInLog = 0;
		};
/* End PBXShellScriptBuildPhase section */

/* Begin PBXSourcesBuildPhase section */
		F58017BA2325E0560014E3C3 /* Sources */ = {
			isa = PBXSourcesBuildPhase;
			buildActionMask = 2147483647;
			files = (
				F5C8725F2332211C0094DD7A /* VegaScrollFlowLayout.swift in Sources */,
				F5D8DD6D232A1CA500B7EADF /* OnePhotoCell.swift in Sources */,
				F50155F5232774AC00FD201C /* SubClassBaseViewController.swift in Sources */,
				F5D8DD652329E58400B7EADF /* WriteCell.swift in Sources */,
				F5AED6632330C8AA00B5B824 /* ThingIndexTable.swift in Sources */,
				F5EC431F23262E5700107F66 /* StoryView.swift in Sources */,
				F5D2C3DD2328D0D000DE60D2 /* NotesViewController.swift in Sources */,
				F58017DE2325F9E00014E3C3 /* HKMineViewController.swift in Sources */,
				F5AED6642330C8AA00B5B824 /* CustomAlbumTable.swift in Sources */,
				F5AED64A2330C40200B5B824 /* Photo.swift in Sources */,
				F5C8725D233203D90094DD7A /* ConcernViewController.swift in Sources */,
				F5AED6522330C7FB00B5B824 /* DataBase.swift in Sources */,
				F57C320A23349F1600B6E7A0 /* UserDefaults.swift in Sources */,
				F58017DC2325F9B70014E3C3 /* HKHomeViewController.swift in Sources */,
				F5EC4322232633FA00107F66 /* HomeHeaderReusableView.swift in Sources */,
				F5C8725B233203CF0094DD7A /* FanViewController.swift in Sources */,
				F5EBB5572338976A006DAAC8 /* PhotoCell.swift in Sources */,
				F57C320C2334A90500B6E7A0 /* NoteViewController.swift in Sources */,
				F5015600232799D900FD201C /* SetViewController.swift in Sources */,
				F5EC431223261D7A00107F66 /* MainNavigationController.swift in Sources */,
				F58017E02325F9F20014E3C3 /* HKBaseViewController.swift in Sources */,
				F58017C42325E0560014E3C3 /* MainViewController.swift in Sources */,
				F5EC431B23262E2100107F66 /* HomeSearchView.swift in Sources */,
				F5AED6602330C8AA00B5B824 /* UserStateTable.swift in Sources */,
				F5D2C3DB2328D0A200DE60D2 /* FadeTransition.swift in Sources */,
				F5EC431D23262E4400107F66 /* RecommendCityView.swift in Sources */,
				F57C320E2334AD8900B6E7A0 /* TitleViewController.swift in Sources */,
				F50155F02327684A00FD201C /* StorySementCell.swift in Sources */,
				F5AED6672330C8AA00B5B824 /* LocalAlbumTable.swift in Sources */,
				F5AED6662330C8AA00B5B824 /* DelectTable.swift in Sources */,
				F5AED6612330C8AA00B5B824 /* LocationIndexTable.swift in Sources */,
				F50155E7232744A400FD201C /* StoryBannerModel.swift in Sources */,
				F50155FA2327842F00FD201C /* MineHeaderView.swift in Sources */,
				F50155E52327445C00FD201C /* StoryBannerViewModel.swift in Sources */,
				F50155E92327454800FD201C /* StoryBannerView.swift in Sources */,
				F5D2C3CF232892AD00DE60D2 /* RegisterViewController.swift in Sources */,
				F5AED6622330C8AA00B5B824 /* ThingTable.swift in Sources */,
				F5AED6682330C8AA00B5B824 /* DiaryTable.swift in Sources */,
				F58017C22325E0560014E3C3 /* AppDelegate.swift in Sources */,
				F5D2C3D12328C45D00DE60D2 /* TabBarItem.swift in Sources */,
				F5C872542331C8480094DD7A /* TimerButton.swift in Sources */,
				F5C872522331C4B60094DD7A /* GSCaptchaButton.swift in Sources */,
				F5D2C3D32328C85D00DE60D2 /* MineStoryViewController.swift in Sources */,
				F5D2C3DA2328D0A200DE60D2 /* CustomTransitionViewController.swift in Sources */,
				F5D8DD682329FDED00B7EADF /* WriteHeaderReusableView.swift in Sources */,
				F50155FC2327865300FD201C /* LTAdvancedTestOneVC.swift in Sources */,
				F58017E22326075B0014E3C3 /* Const.swift in Sources */,
				F5D8DD6A232A0E2200B7EADF /* WriteStoryCell.swift in Sources */,
				F50155F32327743200FD201C /* SearchViewController.swift in Sources */,
				F50155F8232775A700FD201C /* TipsViewController.swift in Sources */,
				F5AED6652330C8AA00B5B824 /* LocationTable.swift in Sources */,
				F5D2C3D62328C97700DE60D2 /* MineSotryCell.swift in Sources */,
				F58017E4232607770014E3C3 /* Extension + color.swift in Sources */,
				F50155E223273CC500FD201C /* StoryViewController.swift in Sources */,
				F50155EE2327682D00FD201C /* MapCell.swift in Sources */,
				F5EC43242326374600107F66 /* CityView.swift in Sources */,
				F5E375C1232F735B00C7C351 /* FivePhotoCell.swift in Sources */,
				F50155EB2327494B00FD201C /* StoryBaseViewController.swift in Sources */,
				F5AED64C2330C69C00B5B824 /* Album.swift in Sources */,
				F5EBB55523386FD1006DAAC8 /* NotesModel.swift in Sources */,
			);
			runOnlyForDeploymentPostprocessing = 0;
		};
/* End PBXSourcesBuildPhase section */

/* Begin PBXVariantGroup section */
		F58017C52325E0560014E3C3 /* Main.storyboard */ = {
			isa = PBXVariantGroup;
			children = (
				F58017C62325E0560014E3C3 /* Base */,
			);
			name = Main.storyboard;
			sourceTree = "<group>";
		};
		F58017CA2325E0570014E3C3 /* LaunchScreen.storyboard */ = {
			isa = PBXVariantGroup;
			children = (
				F58017CB2325E0570014E3C3 /* Base */,
			);
			name = LaunchScreen.storyboard;
			sourceTree = "<group>";
		};
/* End PBXVariantGroup section */

/* Begin XCBuildConfiguration section */
		F58017CE2325E0570014E3C3 /* Debug */ = {
			isa = XCBuildConfiguration;
			buildSettings = {
				ALWAYS_SEARCH_USER_PATHS = NO;
				CLANG_ANALYZER_NONNULL = YES;
				CLANG_ANALYZER_NUMBER_OBJECT_CONVERSION = YES_AGGRESSIVE;
				CLANG_CXX_LANGUAGE_STANDARD = "gnu++14";
				CLANG_CXX_LIBRARY = "libc++";
				CLANG_ENABLE_MODULES = YES;
				CLANG_ENABLE_OBJC_ARC = YES;
				CLANG_ENABLE_OBJC_WEAK = YES;
				CLANG_WARN_BLOCK_CAPTURE_AUTORELEASING = YES;
				CLANG_WARN_BOOL_CONVERSION = YES;
				CLANG_WARN_COMMA = YES;
				CLANG_WARN_CONSTANT_CONVERSION = YES;
				CLANG_WARN_DEPRECATED_OBJC_IMPLEMENTATIONS = YES;
				CLANG_WARN_DIRECT_OBJC_ISA_USAGE = YES_ERROR;
				CLANG_WARN_DOCUMENTATION_COMMENTS = YES;
				CLANG_WARN_EMPTY_BODY = YES;
				CLANG_WARN_ENUM_CONVERSION = YES;
				CLANG_WARN_INFINITE_RECURSION = YES;
				CLANG_WARN_INT_CONVERSION = YES;
				CLANG_WARN_NON_LITERAL_NULL_CONVERSION = YES;
				CLANG_WARN_OBJC_IMPLICIT_RETAIN_SELF = YES;
				CLANG_WARN_OBJC_LITERAL_CONVERSION = YES;
				CLANG_WARN_OBJC_ROOT_CLASS = YES_ERROR;
				CLANG_WARN_RANGE_LOOP_ANALYSIS = YES;
				CLANG_WARN_STRICT_PROTOTYPES = YES;
				CLANG_WARN_SUSPICIOUS_MOVE = YES;
				CLANG_WARN_UNGUARDED_AVAILABILITY = YES_AGGRESSIVE;
				CLANG_WARN_UNREACHABLE_CODE = YES;
				CLANG_WARN__DUPLICATE_METHOD_MATCH = YES;
				CODE_SIGN_IDENTITY = "iPhone Developer";
				COPY_PHASE_STRIP = NO;
				DEBUG_INFORMATION_FORMAT = dwarf;
				ENABLE_STRICT_OBJC_MSGSEND = YES;
				ENABLE_TESTABILITY = YES;
				GCC_C_LANGUAGE_STANDARD = gnu11;
				GCC_DYNAMIC_NO_PIC = NO;
				GCC_NO_COMMON_BLOCKS = YES;
				GCC_OPTIMIZATION_LEVEL = 0;
				GCC_PREPROCESSOR_DEFINITIONS = (
					"DEBUG=1",
					"$(inherited)",
				);
				GCC_WARN_64_TO_32_BIT_CONVERSION = YES;
				GCC_WARN_ABOUT_RETURN_TYPE = YES_ERROR;
				GCC_WARN_UNDECLARED_SELECTOR = YES;
				GCC_WARN_UNINITIALIZED_AUTOS = YES_AGGRESSIVE;
				GCC_WARN_UNUSED_FUNCTION = YES;
				GCC_WARN_UNUSED_VARIABLE = YES;
				IPHONEOS_DEPLOYMENT_TARGET = 12.2;
				MTL_ENABLE_DEBUG_INFO = INCLUDE_SOURCE;
				MTL_FAST_MATH = YES;
				ONLY_ACTIVE_ARCH = YES;
				SDKROOT = iphoneos;
				SWIFT_ACTIVE_COMPILATION_CONDITIONS = DEBUG;
				SWIFT_OPTIMIZATION_LEVEL = "-Onone";
			};
			name = Debug;
		};
		F58017CF2325E0570014E3C3 /* Release */ = {
			isa = XCBuildConfiguration;
			buildSettings = {
				ALWAYS_SEARCH_USER_PATHS = NO;
				CLANG_ANALYZER_NONNULL = YES;
				CLANG_ANALYZER_NUMBER_OBJECT_CONVERSION = YES_AGGRESSIVE;
				CLANG_CXX_LANGUAGE_STANDARD = "gnu++14";
				CLANG_CXX_LIBRARY = "libc++";
				CLANG_ENABLE_MODULES = YES;
				CLANG_ENABLE_OBJC_ARC = YES;
				CLANG_ENABLE_OBJC_WEAK = YES;
				CLANG_WARN_BLOCK_CAPTURE_AUTORELEASING = YES;
				CLANG_WARN_BOOL_CONVERSION = YES;
				CLANG_WARN_COMMA = YES;
				CLANG_WARN_CONSTANT_CONVERSION = YES;
				CLANG_WARN_DEPRECATED_OBJC_IMPLEMENTATIONS = YES;
				CLANG_WARN_DIRECT_OBJC_ISA_USAGE = YES_ERROR;
				CLANG_WARN_DOCUMENTATION_COMMENTS = YES;
				CLANG_WARN_EMPTY_BODY = YES;
				CLANG_WARN_ENUM_CONVERSION = YES;
				CLANG_WARN_INFINITE_RECURSION = YES;
				CLANG_WARN_INT_CONVERSION = YES;
				CLANG_WARN_NON_LITERAL_NULL_CONVERSION = YES;
				CLANG_WARN_OBJC_IMPLICIT_RETAIN_SELF = YES;
				CLANG_WARN_OBJC_LITERAL_CONVERSION = YES;
				CLANG_WARN_OBJC_ROOT_CLASS = YES_ERROR;
				CLANG_WARN_RANGE_LOOP_ANALYSIS = YES;
				CLANG_WARN_STRICT_PROTOTYPES = YES;
				CLANG_WARN_SUSPICIOUS_MOVE = YES;
				CLANG_WARN_UNGUARDED_AVAILABILITY = YES_AGGRESSIVE;
				CLANG_WARN_UNREACHABLE_CODE = YES;
				CLANG_WARN__DUPLICATE_METHOD_MATCH = YES;
				CODE_SIGN_IDENTITY = "iPhone Developer";
				COPY_PHASE_STRIP = NO;
				DEBUG_INFORMATION_FORMAT = "dwarf-with-dsym";
				ENABLE_NS_ASSERTIONS = NO;
				ENABLE_STRICT_OBJC_MSGSEND = YES;
				GCC_C_LANGUAGE_STANDARD = gnu11;
				GCC_NO_COMMON_BLOCKS = YES;
				GCC_WARN_64_TO_32_BIT_CONVERSION = YES;
				GCC_WARN_ABOUT_RETURN_TYPE = YES_ERROR;
				GCC_WARN_UNDECLARED_SELECTOR = YES;
				GCC_WARN_UNINITIALIZED_AUTOS = YES_AGGRESSIVE;
				GCC_WARN_UNUSED_FUNCTION = YES;
				GCC_WARN_UNUSED_VARIABLE = YES;
				IPHONEOS_DEPLOYMENT_TARGET = 12.2;
				MTL_ENABLE_DEBUG_INFO = NO;
				MTL_FAST_MATH = YES;
				SDKROOT = iphoneos;
				SWIFT_COMPILATION_MODE = wholemodule;
				SWIFT_OPTIMIZATION_LEVEL = "-O";
				VALIDATE_PRODUCT = YES;
			};
			name = Release;
		};
		F58017D12325E0570014E3C3 /* Debug */ = {
			isa = XCBuildConfiguration;
			baseConfigurationReference = 00FAD65466EEEDB00D9768D2 /* Pods-Hiker.debug.xcconfig */;
			buildSettings = {
				ASSETCATALOG_COMPILER_APPICON_NAME = AppIcon;
				CLANG_ENABLE_MODULES = YES;
				CODE_SIGN_STYLE = Automatic;
				DEVELOPMENT_TEAM = YAJ74PJU3F;
				INFOPLIST_FILE = Hiker/Info.plist;
				LD_RUNPATH_SEARCH_PATHS = (
					"$(inherited)",
					"@executable_path/Frameworks",
				);
				PRODUCT_BUNDLE_IDENTIFIER = cone.cc.Hiker;
				PRODUCT_NAME = "$(TARGET_NAME)";
				SWIFT_OBJC_BRIDGING_HEADER = "Hiker/Hiker-Bridging-Header.h";
				SWIFT_OPTIMIZATION_LEVEL = "-Onone";
				SWIFT_VERSION = 5.0;
				TARGETED_DEVICE_FAMILY = "1,2";
			};
			name = Debug;
		};
		F58017D22325E0570014E3C3 /* Release */ = {
			isa = XCBuildConfiguration;
			baseConfigurationReference = FB82EFE226787FDAE3F7E104 /* Pods-Hiker.release.xcconfig */;
			buildSettings = {
				ASSETCATALOG_COMPILER_APPICON_NAME = AppIcon;
				CLANG_ENABLE_MODULES = YES;
				CODE_SIGN_STYLE = Automatic;
				DEVELOPMENT_TEAM = YAJ74PJU3F;
				INFOPLIST_FILE = Hiker/Info.plist;
				LD_RUNPATH_SEARCH_PATHS = (
					"$(inherited)",
					"@executable_path/Frameworks",
				);
				PRODUCT_BUNDLE_IDENTIFIER = cone.cc.Hiker;
				PRODUCT_NAME = "$(TARGET_NAME)";
				SWIFT_OBJC_BRIDGING_HEADER = "Hiker/Hiker-Bridging-Header.h";
				SWIFT_VERSION = 5.0;
				TARGETED_DEVICE_FAMILY = "1,2";
			};
			name = Release;
		};
/* End XCBuildConfiguration section */

/* Begin XCConfigurationList section */
		F58017B92325E0560014E3C3 /* Build configuration list for PBXProject "Hiker" */ = {
			isa = XCConfigurationList;
			buildConfigurations = (
				F58017CE2325E0570014E3C3 /* Debug */,
				F58017CF2325E0570014E3C3 /* Release */,
			);
			defaultConfigurationIsVisible = 0;
			defaultConfigurationName = Release;
		};
		F58017D02325E0570014E3C3 /* Build configuration list for PBXNativeTarget "Hiker" */ = {
			isa = XCConfigurationList;
			buildConfigurations = (
				F58017D12325E0570014E3C3 /* Debug */,
				F58017D22325E0570014E3C3 /* Release */,
			);
			defaultConfigurationIsVisible = 0;
			defaultConfigurationName = Release;
		};
/* End XCConfigurationList section */
	};
	rootObject = F58017B62325E0560014E3C3 /* Project object */;
}
